
Microsoft Visual Studio Solution File, Format Version 12.00
# Visual Studio Version 16
VisualStudioVersion = 16.0.29613.14
MinimumVisualStudioVersion = 10.0.40219.1
Project("{FAE04EC0-301F-11D3-BF4B-00C04F79EFBC}") = "Lab 12 - UML Diagram", "Lab 12 - UML Diagram\Lab 12 - UML Diagram.csproj", "{79927DA4-45DD-4C3E-9BF3-D4A42F6C2A6B}"
EndProject
Global
	GlobalSection(SolutionConfigurationPlatforms) = preSolution
		Debug|Any CPU = Debug|Any CPU
		Release|Any CPU = Release|Any CPU
	EndGlobalSection
	GlobalSection(ProjectConfigurationPlatforms) = postSolution
		{79927DA4-45DD-4C3E-9BF3-D4A42F6C2A6B}.Debug|Any CPU.ActiveCfg = Debug|Any CPU
		{79927DA4-45DD-4C3E-9BF3-D4A42F6C2A6B}.Debug|Any CPU.Build.0 = Debug|Any CPU
		{79927DA4-45DD-4C3E-9BF3-D4A42F6C2A6B}.Release|Any CPU.ActiveCfg = Release|Any CPU
		{79927DA4-45DD-4C3E-9BF3-D4A42F6C2A6B}.Release|Any CPU.Build.0 = Release|Any CPU
	EndGlobalSection
	GlobalSection(SolutionProperties) = preSolution
		HideSolutionNode = FALSE
	EndGlobalSection
	GlobalSection(ExtensibilityGlobals) = postSolution
		SolutionGuid = {3DFD436A-A60F-4B9E-B8A9-9FFF40B27525}
	EndGlobalSection
EndGlobal
